# THIS IS AN AUTOGENERATED FILE. DO NOT EDIT THIS FILE DIRECTLY.
# yarn lockfile v1


"@rails/ujs@^7.0.4-3":
  version "7.0.4-3"
  resolved "https://registry.yarnpkg.com/@rails/ujs/-/ujs-7.0.4-3.tgz#a90a31189db702ac7a9e95b18c09503025fb4951"
  integrity sha512-JttmF98C1xTVcCSWSDwbqF0IPrCKD6lpeB9uy4VjGYniZIidgSq0fSX1vmHxCH7CuSmsIFMNJ6LtLyCAb8Y6Ng==

bootstrap@^5.2.3:
  version "5.2.3"
  resolved "https://registry.yarnpkg.com/bootstrap/-/bootstrap-5.2.3.tgz#54739f4414de121b9785c5da3c87b37ff008322b"
  integrity sha512-cEKPM+fwb3cT8NzQZYEu4HilJ3anCrWqh3CHAok1p9jXqMPsPTBhU25fBckEJHJ/p+tTxTFTsFQGM+gaHpi3QQ==

jquery@^3.7.0:
  version "3.7.0"
  resolved "https://registry.yarnpkg.com/jquery/-/jquery-3.7.0.tgz#fe2c01a05da500709006d8790fe21c8a39d75612"
  integrity sha512-umpJ0/k8X0MvD1ds0P9SfowREz2LenHsQaxSohMZ5OMNEU2r0tf8pdeEFTHMFxWVxKNyU9rTtK3CWzUCTKJUeQ==

poppers.js@^1.16.1:
  version "1.16.1"
  resolved "https://registry.yarnpkg.com/poppers.js/-/poppers.js-1.16.1.tgz#9be82d6f02372ebc8a42e9f803acb81f77027680"
  integrity sha512-Gq0/rdN/AvM97F8fsyGdg8xDA1CCTeJuJFLqAEa083dh0kDg4OKnRvfTHlr3hq3ccdcIG2WBu1yIQCrbpincFQ==
